
Microsoft Visual Studio Solution File, Format Version 12.00
# Visual Studio Version 16
VisualStudioVersion = 16.0.31515.178
MinimumVisualStudioVersion = 10.0.40219.1
Project("{FAE04EC0-301F-11D3-BF4B-00C04F79EFBC}") = "Test C Sharp", "Test C Sharp\Test C Sharp.csproj", "{E2ABEC0D-F7D2-41E1-8B5C-E8BE75C11CD2}"
EndProject
Global
	GlobalSection(SolutionConfigurationPlatforms) = preSolution
		Debug|Any CPU = Debug|Any CPU
		Release|Any CPU = Release|Any CPU
	EndGlobalSection
	GlobalSection(ProjectConfigurationPlatforms) = postSolution
		{E2ABEC0D-F7D2-41E1-8B5C-E8BE75C11CD2}.Debug|Any CPU.ActiveCfg = Debug|Any CPU
		{E2ABEC0D-F7D2-41E1-8B5C-E8BE75C11CD2}.Debug|Any CPU.Build.0 = Debug|Any CPU
		{E2ABEC0D-F7D2-41E1-8B5C-E8BE75C11CD2}.Release|Any CPU.ActiveCfg = Release|Any CPU
		{E2ABEC0D-F7D2-41E1-8B5C-E8BE75C11CD2}.Release|Any CPU.Build.0 = Release|Any CPU
	EndGlobalSection
	GlobalSection(SolutionProperties) = preSolution
		HideSolutionNode = FALSE
	EndGlobalSection
	GlobalSection(ExtensibilityGlobals) = postSolution
		SolutionGuid = {57BEE50A-7204-4F48-A961-3104CB4C2B99}
	EndGlobalSection
EndGlobal
